
Microsoft Visual Studio Solution File, Format Version 12.00
# Visual Studio Version 16
VisualStudioVersion = 16.0.29911.84
MinimumVisualStudioVersion = 10.0.40219.1
Project("{9A19103F-16F7-4668-BE54-9A1E7A4F7556}") = "OgameLikeClassLibrary", "OgameLikeClassLibrary\OgameLikeClassLibrary.csproj", "{3252F9D8-B4B5-4350-91FA-385975D77C89}"
EndProject
Project("{FAE04EC0-301F-11D3-BF4B-00C04F79EFBC}") = "OgameLikeProject", "OgameLikeProject\OgameLikeProject.csproj", "{B9DA6CD1-DCDA-44F1-B8F2-632DB1A1191C}"
	ProjectSection(ProjectDependencies) = postProject
		{3252F9D8-B4B5-4350-91FA-385975D77C89} = {3252F9D8-B4B5-4350-91FA-385975D77C89}
	EndProjectSection
EndProject
Global
	GlobalSection(SolutionConfigurationPlatforms) = preSolution
		Debug|Any CPU = Debug|Any CPU
		Release|Any CPU = Release|Any CPU
	EndGlobalSection
	GlobalSection(ProjectConfigurationPlatforms) = postSolution
		{3252F9D8-B4B5-4350-91FA-385975D77C89}.Debug|Any CPU.ActiveCfg = Debug|Any CPU
		{3252F9D8-B4B5-4350-91FA-385975D77C89}.Debug|Any CPU.Build.0 = Debug|Any CPU
		{3252F9D8-B4B5-4350-91FA-385975D77C89}.Release|Any CPU.ActiveCfg = Release|Any CPU
		{3252F9D8-B4B5-4350-91FA-385975D77C89}.Release|Any CPU.Build.0 = Release|Any CPU
		{B9DA6CD1-DCDA-44F1-B8F2-632DB1A1191C}.Debug|Any CPU.ActiveCfg = Debug|Any CPU
		{B9DA6CD1-DCDA-44F1-B8F2-632DB1A1191C}.Debug|Any CPU.Build.0 = Debug|Any CPU
		{B9DA6CD1-DCDA-44F1-B8F2-632DB1A1191C}.Release|Any CPU.ActiveCfg = Release|Any CPU
		{B9DA6CD1-DCDA-44F1-B8F2-632DB1A1191C}.Release|Any CPU.Build.0 = Release|Any CPU
	EndGlobalSection
	GlobalSection(SolutionProperties) = preSolution
		HideSolutionNode = FALSE
	EndGlobalSection
	GlobalSection(ExtensibilityGlobals) = postSolution
		SolutionGuid = {6AA29637-65D1-4FCA-A372-EF55DA871762}
	EndGlobalSection
EndGlobal
